{
  "name": "fff_elis",
  "version": "1.0.0",
  "lockfileVersion": 3,
  "requires": true,
  "packages": {
    "": {
      "name": "fff_elis",
      "version": "1.0.0",
      "dependencies": {
        "swapy": "^0.1.2"
      }
    },
    "node_modules/swapy": {
      "version": "0.1.2",
      "resolved": "https://artifactory.fronius.com:443/artifactory/api/npm/npm/swapy/-/swapy-0.1.2.tgz",
      "integrity": "sha512-FUT+k9HkFh3moto/64oNcsE9cY8l8SElcYSUggMepAwGLNixD4SRzCeVND5Mw3pogjVWiyscN2q5zpvMUwcqcQ=="
    }
  }
}
